# THIS IS AN AUTOGENERATED FILE. DO NOT EDIT THIS FILE DIRECTLY.
# yarn lockfile v1


"@east-bitcoin-lib/smartindex-sdk@file:../../eastnode/smartindex-sdk":
  version "1.1.0"
  resolved "file:../../eastnode/smartindex-sdk"
  dependencies:
    "@changesets/cli" "^2.27.7"
    as-bignum "^0.3.1"
    assemblyscript "^0.27.27"
    assemblyscript-json "^1.1.0"

as-bignum@^0.3.1:
  version "0.3.1"
  resolved "https://registry.npmjs.org/as-bignum/-/as-bignum-0.3.1.tgz"
  integrity sha512-/RS4NbSPYUCRTsGNeCNA8aLjiyYlsEYaevY4Jwzj/QlzVk82t4gXdaWb8R3hnqo96g0MSIbhdaq18UcpeyW7gA==

as-hex@^1.0.1:
  version "1.0.1"
  resolved "https://registry.npmjs.org/as-hex/-/as-hex-1.0.1.tgz"
  integrity sha512-bafVzM51AYyLzS2uQ2rsWfnWJARqGVxuiuLF7r3tIvi1UxHXy0FfHLtzo7o4F3Kk+uJhK9mLVaFmuFIa9C84GQ==

assemblyscript-json@^1.1.0:
  version "1.1.0"
  resolved "https://registry.npmjs.org/assemblyscript-json/-/assemblyscript-json-1.1.0.tgz"
  integrity sha512-UbE8ts8csTWQgd5TnSPN7MRV9NveuHv1bVnKmDLoo/tzjqxkmsZb3lu59Uk8H7SGoqdkDSEE049alx/nHnSdFw==

assemblyscript@^0.27.28:
  version "0.27.28"
  resolved "https://registry.npmjs.org/assemblyscript/-/assemblyscript-0.27.28.tgz"
  integrity sha512-1Je7hWnDH6og7TnYAD7HDeZfxBkyC3reyEexMbZ6pUKpLohbnMMPqylD5/gVAUh/n82LKb3AiFl7W6VSapLTRQ==
  dependencies:
    binaryen "116.0.0-nightly.20240114"
    long "^5.2.1"

binaryen@116.0.0-nightly.20240114:
  version "116.0.0-nightly.20240114"
  resolved "https://registry.npmjs.org/binaryen/-/binaryen-116.0.0-nightly.20240114.tgz"
  integrity sha512-0GZrojJnuhoe+hiwji7QFaL3tBlJoA+KFUN7ouYSDGZLSo9CKM8swQX8n/UcbR0d1VuZKU+nhogNzv423JEu5A==

long@^5.2.1:
  version "5.2.3"
  resolved "https://registry.npmjs.org/long/-/long-5.2.3.tgz"
  integrity sha512-lcHwpNoggQTObv5apGNCTdJrO69eHOZMi4BNC+rTLER8iHAqGrUVeLh/irVIM7zTw2bOXA8T6uNPeujwOLg/2Q==
